
Microsoft Visual Studio Solution File, Format Version 12.00
# Visual Studio 2012
Project("{FAE04EC0-301F-11D3-BF4B-00C04F79EFBC}") = "codedeploysample1", "codedeploysample1\codedeploysample1.csproj", "{9DC6752F-8E21-404B-9166-821F45B1D310}"
EndProject
Global
	GlobalSection(SolutionConfigurationPlatforms) = preSolution
		Debug|Any CPU = Debug|Any CPU
		Release|Any CPU = Release|Any CPU
	EndGlobalSection
	GlobalSection(ProjectConfigurationPlatforms) = postSolution
		{9DC6752F-8E21-404B-9166-821F45B1D310}.Debug|Any CPU.ActiveCfg = Debug|Any CPU
		{9DC6752F-8E21-404B-9166-821F45B1D310}.Debug|Any CPU.Build.0 = Debug|Any CPU
		{9DC6752F-8E21-404B-9166-821F45B1D310}.Release|Any CPU.ActiveCfg = Release|Any CPU
		{9DC6752F-8E21-404B-9166-821F45B1D310}.Release|Any CPU.Build.0 = Release|Any CPU
	EndGlobalSection
EndGlobal
